schema: '2.0'
stages:
  data_ingestion:
    cmd: python src/Kidney/pipeline/stage01_data_ingestion.py
    deps:
    - path: config/config.yaml
      hash: md5
      md5: d4e9468f02bf30efe25c4fb6fa1ed6ef
      size: 595
    - path: src/Kidney/pipeline/stage01_data_ingestion.py
      hash: md5
      md5: 8f7474af6c4cc679ba167508a3277ffa
      size: 797
    outs:
    - path: artifacts/data_ingestion/CT-KIDNEY-DATASET-Normal-Cyst-Tumor-Stone
      hash: md5
      md5: ec42dfce2ae993cf49f6d499a389c93e.dir
      size: 1661580918
      nfiles: 12446
  prepare_base_model:
    cmd: python src/Kidney/pipeline/stage02_prepare_base_model.py
    deps:
    - path: config/config.yaml
      hash: md5
      md5: d4e9468f02bf30efe25c4fb6fa1ed6ef
      size: 595
    - path: src/Kidney/pipeline/stage02_prepare_base_model.py
      hash: md5
      md5: 93610eef4aedd99124d0830feed040d9
      size: 945
    params:
      params.yaml:
        CLASSES: 2
        IMAGE_SIZE:
        - 128
        - 128
        - 3
        INCLUDE_TOP: false
        LEARNING_RATE: 0.001
        WEIGHTS: imagenet
    outs:
    - path: artifacts/prepare_base_model
      hash: md5
      md5: 61527f5bbe52b2e8d9698c69324c124d.dir
      size: 58998968
      nfiles: 1
  training:
    cmd: python src/Kidney/pipeline/stage03_training_model.py
    deps:
    - path: artifacts/data_ingestion/CT-KIDNEY-DATASET-Normal-Cyst-Tumor-Stone
      hash: md5
      md5: ec42dfce2ae993cf49f6d499a389c93e.dir
      size: 1661580918
      nfiles: 12446
    - path: artifacts/prepare_base_model
      hash: md5
      md5: 61527f5bbe52b2e8d9698c69324c124d.dir
      size: 58998968
      nfiles: 1
    - path: config/config.yaml
      hash: md5
      md5: d4e9468f02bf30efe25c4fb6fa1ed6ef
      size: 595
    - path: src/Kidney/pipeline/stage03_training_model.py
      hash: md5
      md5: eef765404b6e13aaa9119c7b8b93744c
      size: 924
    params:
      params.yaml:
        AUGMENTATION: true
        BATCH_SIZE: 8
        EPOCHS: 1
        IMAGE_SIZE:
        - 128
        - 128
        - 3
    outs:
    - path: artifacts/training/model.h5
      hash: md5
      md5: 6286b31e80316e0209c3e783fab81a40
      size: 59067184
  evaluation:
    cmd: python src/Kidney/pipeline/model04_evaluation.py
    deps:
    - path: artifacts/data_ingestion/CT-KIDNEY-DATASET-Normal-Cyst-Tumor-Stone
      hash: md5
      md5: ec42dfce2ae993cf49f6d499a389c93e.dir
      size: 1661580918
      nfiles: 12446
    - path: artifacts/prepare_base_model
      hash: md5
      md5: 61527f5bbe52b2e8d9698c69324c124d.dir
      size: 58998968
      nfiles: 1
    - path: artifacts/training/model.h5
      hash: md5
      md5: 6286b31e80316e0209c3e783fab81a40
      size: 59067184
    - path: config/config.yaml
      hash: md5
      md5: d4e9468f02bf30efe25c4fb6fa1ed6ef
      size: 595
    - path: src/Kidney/pipeline/model04_evaluation.py
      hash: md5
      md5: eddaa818f87ba5c1c3047c9c082b68b9
      size: 896
    params:
      params.yaml:
        BATCH_SIZE: 8
        IMAGE_SIZE:
        - 128
        - 128
        - 3
    outs:
    - path: scores.json
      hash: md5
      md5: e93836af8ed38cf1dfa24b1e2d0183b8
      size: 72
